
Microsoft Visual Studio Solution File, Format Version 12.00
# Visual Studio 14
VisualStudioVersion = 14.0.24720.0
MinimumVisualStudioVersion = 10.0.40219.1
Project("{FAE04EC0-301F-11D3-BF4B-00C04F79EFBC}") = "KeyTrackingFrom", "KeyTrackingForm\KeyTrackingFrom.csproj", "{0470A8BB-D85D-446B-AB9D-759F4804C96C}"
EndProject
Project("{FAE04EC0-301F-11D3-BF4B-00C04F79EFBC}") = "KeyTrackingWriter", "KeyTrackingWriter\KeyTrackingWriter.csproj", "{8E88E759-51D1-41E3-9814-86206AAE8997}"
	ProjectSection(ProjectDependencies) = postProject
		{0470A8BB-D85D-446B-AB9D-759F4804C96C} = {0470A8BB-D85D-446B-AB9D-759F4804C96C}
	EndProjectSection
EndProject
Global
	GlobalSection(SolutionConfigurationPlatforms) = preSolution
		Debug|Any CPU = Debug|Any CPU
		Release|Any CPU = Release|Any CPU
	EndGlobalSection
	GlobalSection(ProjectConfigurationPlatforms) = postSolution
		{0470A8BB-D85D-446B-AB9D-759F4804C96C}.Debug|Any CPU.ActiveCfg = Debug|Any CPU
		{0470A8BB-D85D-446B-AB9D-759F4804C96C}.Debug|Any CPU.Build.0 = Debug|Any CPU
		{0470A8BB-D85D-446B-AB9D-759F4804C96C}.Release|Any CPU.ActiveCfg = Release|Any CPU
		{0470A8BB-D85D-446B-AB9D-759F4804C96C}.Release|Any CPU.Build.0 = Release|Any CPU
		{8E88E759-51D1-41E3-9814-86206AAE8997}.Debug|Any CPU.ActiveCfg = Debug|Any CPU
		{8E88E759-51D1-41E3-9814-86206AAE8997}.Debug|Any CPU.Build.0 = Debug|Any CPU
		{8E88E759-51D1-41E3-9814-86206AAE8997}.Release|Any CPU.ActiveCfg = Release|Any CPU
		{8E88E759-51D1-41E3-9814-86206AAE8997}.Release|Any CPU.Build.0 = Release|Any CPU
	EndGlobalSection
	GlobalSection(SolutionProperties) = preSolution
		HideSolutionNode = FALSE
	EndGlobalSection
EndGlobal
